// !$*UTF8*$!
{
	archiveVersion = 1;
	classes = {
	};
	objectVersion = 46;
	objects = {

/* Begin PBXBuildFile section */
		10C30DAC6241E5C5BDC9250A /* libPods-RACUnitTest.a in Frameworks */ = {isa = PBXBuildFile; fileRef = 21EE6E61BB43198033C0941E /* libPods-RACUnitTest.a */; };
		6E9D7135B04ADCC68E656FD3 /* libPods.a in Frameworks */ = {isa = PBXBuildFile; fileRef = AD5BE772162E64C2E334E1A3 /* libPods.a */; };
		8F22FC7C1B8A9C1100B5D42C /* stylesheet.cas in Resources */ = {isa = PBXBuildFile; fileRef = 8F22FC7B1B8A9C1100B5D42C /* stylesheet.cas */; };
		8F79A1851B8A97F800DC7C97 /* main.m in Sources */ = {isa = PBXBuildFile; fileRef = 8F79A1841B8A97F800DC7C97 /* main.m */; };
		8F79A1881B8A97F800DC7C97 /* AppDelegate.m in Sources */ = {isa = PBXBuildFile; fileRef = 8F79A1871B8A97F800DC7C97 /* AppDelegate.m */; };
		8F79A1901B8A97F800DC7C97 /* Images.xcassets in Resources */ = {isa = PBXBuildFile; fileRef = 8F79A18F1B8A97F800DC7C97 /* Images.xcassets */; };
		8F79A1931B8A97F800DC7C97 /* LaunchScreen.xib in Resources */ = {isa = PBXBuildFile; fileRef = 8F79A1911B8A97F800DC7C97 /* LaunchScreen.xib */; };
		8F9A6DCE1B9331A200FE3BBA /* UIImage+Helper.m in Sources */ = {isa = PBXBuildFile; fileRef = 8F9A6DCD1B9331A200FE3BBA /* UIImage+Helper.m */; };
		8F9AD52B1B8BF3AD00D2D784 /* LoginViewControllerSpec.m in Sources */ = {isa = PBXBuildFile; fileRef = 8F9AD52A1B8BF3AD00D2D784 /* LoginViewControllerSpec.m */; };
		8F9AD52D1B8E93E900D2D784 /* DataValidationSpec.m in Sources */ = {isa = PBXBuildFile; fileRef = 8F9AD52C1B8E93E900D2D784 /* DataValidationSpec.m */; };
		8FDB501D1B934ACB0075D40C /* LoginViewModelSpec.m in Sources */ = {isa = PBXBuildFile; fileRef = 8FDB501C1B934ACB0075D40C /* LoginViewModelSpec.m */; };
		8FDB50251B93537C0075D40C /* settings.json in Resources */ = {isa = PBXBuildFile; fileRef = 8FDB50221B93537C0075D40C /* settings.json */; };
		8FDB50291B9353A20075D40C /* login_conf.json in Resources */ = {isa = PBXBuildFile; fileRef = 8FDB50271B9353A20075D40C /* login_conf.json */; };
		8FDB502A1B9353A20075D40C /* login_response.json in Resources */ = {isa = PBXBuildFile; fileRef = 8FDB50281B9353A20075D40C /* login_response.json */; };
		8FDB502D1B9357B20075D40C /* URLHelper.m in Sources */ = {isa = PBXBuildFile; fileRef = 8FDB502C1B9357B20075D40C /* URLHelper.m */; };
		8FDB502F1B93593C0075D40C /* LoginClientSpec.m in Sources */ = {isa = PBXBuildFile; fileRef = 8FDB502E1B93593C0075D40C /* LoginClientSpec.m */; };
		8FDCA3751B94A317003BA720 /* MBProgressHUD+Helper.m in Sources */ = {isa = PBXBuildFile; fileRef = 8FDCA3741B94A317003BA720 /* MBProgressHUD+Helper.m */; };
		C9C767C9FB8B09CFC5E5C286 /* DataValidation.m in Sources */ = {isa = PBXBuildFile; fileRef = C9C761B770541799767740CD /* DataValidation.m */; };
		C9C76836DD2FAA06C2A06AC3 /* food_list_response.json in Resources */ = {isa = PBXBuildFile; fileRef = C9C76D414E045736B00AF143 /* food_list_response.json */; };
		C9C76AC4C0E993C3A4F2FE7C /* food_list_conf.json in Resources */ = {isa = PBXBuildFile; fileRef = C9C767516B8F1EC8A4621C5E /* food_list_conf.json */; };
		C9C76B0B6901FBBFFC107073 /* LoginView.m in Sources */ = {isa = PBXBuildFile; fileRef = C9C76585023CA264A1F92CD4 /* LoginView.m */; };
		C9C76B44AF86795ABE37C998 /* LoginClient.m in Sources */ = {isa = PBXBuildFile; fileRef = C9C761AA3ABAAB32B24A6336 /* LoginClient.m */; };
		C9C76BFD1AF30A69DDF433BD /* LoginViewController.m in Sources */ = {isa = PBXBuildFile; fileRef = C9C769403E0FAAB4D8679122 /* LoginViewController.m */; };
		C9C76EE21CBCD14DAA2E6FE2 /* LoginViewModel.m in Sources */ = {isa = PBXBuildFile; fileRef = C9C7618C559D212C8D13233F /* LoginViewModel.m */; };
		E3D33710712C06DA1B06F08A /* libPods-RACUnitTestTests.a in Frameworks */ = {isa = PBXBuildFile; fileRef = 13F960278C606744E7420338 /* libPods-RACUnitTestTests.a */; };
/* End PBXBuildFile section */

/* Begin PBXContainerItemProxy section */
		8F79A1991B8A97F800DC7C97 /* PBXContainerItemProxy */ = {
			isa = PBXContainerItemProxy;
			containerPortal = 8F79A1771B8A97F800DC7C97 /* Project object */;
			proxyType = 1;
			remoteGlobalIDString = 8F79A17E1B8A97F800DC7C97;
			remoteInfo = RACUnitTest;
		};
/* End PBXContainerItemProxy section */

/* Begin PBXFileReference section */
		096F528704C4748450F8A324 /* Pods.debug.xcconfig */ = {isa = PBXFileReference; includeInIndex = 1; lastKnownFileType = text.xcconfig; name = Pods.debug.xcconfig; path = "Pods/Target Support Files/Pods/Pods.debug.xcconfig"; sourceTree = "<group>"; };
		13F960278C606744E7420338 /* libPods-RACUnitTestTests.a */ = {isa = PBXFileReference; explicitFileType = archive.ar; includeInIndex = 0; path = "libPods-RACUnitTestTests.a"; sourceTree = BUILT_PRODUCTS_DIR; };
		21EE6E61BB43198033C0941E /* libPods-RACUnitTest.a */ = {isa = PBXFileReference; explicitFileType = archive.ar; includeInIndex = 0; path = "libPods-RACUnitTest.a"; sourceTree = BUILT_PRODUCTS_DIR; };
		612762B2F13423233ED4A612 /* Pods-RACUnitTestTests.release.xcconfig */ = {isa = PBXFileReference; includeInIndex = 1; lastKnownFileType = text.xcconfig; name = "Pods-RACUnitTestTests.release.xcconfig"; path = "Pods/Target Support Files/Pods-RACUnitTestTests/Pods-RACUnitTestTests.release.xcconfig"; sourceTree = "<group>"; };
		8F22FC7B1B8A9C1100B5D42C /* stylesheet.cas */ = {isa = PBXFileReference; fileEncoding = 4; lastKnownFileType = text; path = stylesheet.cas; sourceTree = "<group>"; };
		8F79A17F1B8A97F800DC7C97 /* RACUnitTest.app */ = {isa = PBXFileReference; explicitFileType = wrapper.application; includeInIndex = 0; path = RACUnitTest.app; sourceTree = BUILT_PRODUCTS_DIR; };
		8F79A1831B8A97F800DC7C97 /* Info.plist */ = {isa = PBXFileReference; lastKnownFileType = text.plist.xml; path = Info.plist; sourceTree = "<group>"; };
		8F79A1841B8A97F800DC7C97 /* main.m */ = {isa = PBXFileReference; lastKnownFileType = sourcecode.c.objc; path = main.m; sourceTree = "<group>"; };
		8F79A1861B8A97F800DC7C97 /* AppDelegate.h */ = {isa = PBXFileReference; lastKnownFileType = sourcecode.c.h; path = AppDelegate.h; sourceTree = "<group>"; };
		8F79A1871B8A97F800DC7C97 /* AppDelegate.m */ = {isa = PBXFileReference; lastKnownFileType = sourcecode.c.objc; path = AppDelegate.m; sourceTree = "<group>"; };
		8F79A18F1B8A97F800DC7C97 /* Images.xcassets */ = {isa = PBXFileReference; lastKnownFileType = folder.assetcatalog; path = Images.xcassets; sourceTree = "<group>"; };
		8F79A1921B8A97F800DC7C97 /* Base */ = {isa = PBXFileReference; lastKnownFileType = file.xib; name = Base; path = Base.lproj/LaunchScreen.xib; sourceTree = "<group>"; };
		8F79A1981B8A97F800DC7C97 /* RACUnitTestTests.xctest */ = {isa = PBXFileReference; explicitFileType = wrapper.cfbundle; includeInIndex = 0; path = RACUnitTestTests.xctest; sourceTree = BUILT_PRODUCTS_DIR; };
		8F79A19D1B8A97F800DC7C97 /* Info.plist */ = {isa = PBXFileReference; lastKnownFileType = text.plist.xml; path = Info.plist; sourceTree = "<group>"; };
		8F9A6DCC1B9331A200FE3BBA /* UIImage+Helper.h */ = {isa = PBXFileReference; fileEncoding = 4; lastKnownFileType = sourcecode.c.h; path = "UIImage+Helper.h"; sourceTree = "<group>"; };
		8F9A6DCD1B9331A200FE3BBA /* UIImage+Helper.m */ = {isa = PBXFileReference; fileEncoding = 4; lastKnownFileType = sourcecode.c.objc; path = "UIImage+Helper.m"; sourceTree = "<group>"; };
		8F9A6DCF1B93322E00FE3BBA /* ColorMacro.h */ = {isa = PBXFileReference; lastKnownFileType = sourcecode.c.h; path = ColorMacro.h; sourceTree = "<group>"; };
		8F9AD52A1B8BF3AD00D2D784 /* LoginViewControllerSpec.m */ = {isa = PBXFileReference; fileEncoding = 4; lastKnownFileType = sourcecode.c.objc; path = LoginViewControllerSpec.m; sourceTree = "<group>"; };
		8F9AD52C1B8E93E900D2D784 /* DataValidationSpec.m */ = {isa = PBXFileReference; fileEncoding = 4; lastKnownFileType = sourcecode.c.objc; path = DataValidationSpec.m; sourceTree = "<group>"; };
		8FDB501C1B934ACB0075D40C /* LoginViewModelSpec.m */ = {isa = PBXFileReference; fileEncoding = 4; lastKnownFileType = sourcecode.c.objc; path = LoginViewModelSpec.m; sourceTree = "<group>"; };
		8FDB50221B93537C0075D40C /* settings.json */ = {isa = PBXFileReference; fileEncoding = 4; lastKnownFileType = text.json; path = settings.json; sourceTree = "<group>"; };
		8FDB50271B9353A20075D40C /* login_conf.json */ = {isa = PBXFileReference; fileEncoding = 4; lastKnownFileType = text.json; path = login_conf.json; sourceTree = "<group>"; };
		8FDB50281B9353A20075D40C /* login_response.json */ = {isa = PBXFileReference; fileEncoding = 4; lastKnownFileType = text.json; path = login_response.json; sourceTree = "<group>"; };
		8FDB502B1B9357B20075D40C /* URLHelper.h */ = {isa = PBXFileReference; fileEncoding = 4; lastKnownFileType = sourcecode.c.h; path = URLHelper.h; sourceTree = "<group>"; };
		8FDB502C1B9357B20075D40C /* URLHelper.m */ = {isa = PBXFileReference; fileEncoding = 4; lastKnownFileType = sourcecode.c.objc; path = URLHelper.m; sourceTree = "<group>"; };
		8FDB502E1B93593C0075D40C /* LoginClientSpec.m */ = {isa = PBXFileReference; fileEncoding = 4; lastKnownFileType = sourcecode.c.objc; path = LoginClientSpec.m; sourceTree = "<group>"; };
		8FDCA3731B94A317003BA720 /* MBProgressHUD+Helper.h */ = {isa = PBXFileReference; fileEncoding = 4; lastKnownFileType = sourcecode.c.h; path = "MBProgressHUD+Helper.h"; sourceTree = "<group>"; };
		8FDCA3741B94A317003BA720 /* MBProgressHUD+Helper.m */ = {isa = PBXFileReference; fileEncoding = 4; lastKnownFileType = sourcecode.c.objc; path = "MBProgressHUD+Helper.m"; sourceTree = "<group>"; };
		AD5BE772162E64C2E334E1A3 /* libPods.a */ = {isa = PBXFileReference; explicitFileType = archive.ar; includeInIndex = 0; path = libPods.a; sourceTree = BUILT_PRODUCTS_DIR; };
		C9C7618C559D212C8D13233F /* LoginViewModel.m */ = {isa = PBXFileReference; fileEncoding = 4; lastKnownFileType = sourcecode.c.objc; path = LoginViewModel.m; sourceTree = "<group>"; };
		C9C761AA3ABAAB32B24A6336 /* LoginClient.m */ = {isa = PBXFileReference; fileEncoding = 4; lastKnownFileType = sourcecode.c.objc; path = LoginClient.m; sourceTree = "<group>"; };
		C9C761B770541799767740CD /* DataValidation.m */ = {isa = PBXFileReference; fileEncoding = 4; lastKnownFileType = sourcecode.c.objc; path = DataValidation.m; sourceTree = "<group>"; };
		C9C762D63131353391BEE909 /* LoginViewController.h */ = {isa = PBXFileReference; fileEncoding = 4; lastKnownFileType = sourcecode.c.h; path = LoginViewController.h; sourceTree = "<group>"; };
		C9C76378F408ABB489E48BE4 /* LoginViewModel.h */ = {isa = PBXFileReference; fileEncoding = 4; lastKnownFileType = sourcecode.c.h; path = LoginViewModel.h; sourceTree = "<group>"; };
		C9C7647F95E9196C6A3BB96E /* DataValidation.h */ = {isa = PBXFileReference; fileEncoding = 4; lastKnownFileType = sourcecode.c.h; path = DataValidation.h; sourceTree = "<group>"; };
		C9C764F2DF09A7B029657165 /* LoginClient.h */ = {isa = PBXFileReference; fileEncoding = 4; lastKnownFileType = sourcecode.c.h; path = LoginClient.h; sourceTree = "<group>"; };
		C9C76585023CA264A1F92CD4 /* LoginView.m */ = {isa = PBXFileReference; fileEncoding = 4; lastKnownFileType = sourcecode.c.objc; path = LoginView.m; sourceTree = "<group>"; };
		C9C767516B8F1EC8A4621C5E /* food_list_conf.json */ = {isa = PBXFileReference; lastKnownFileType = file.json; path = food_list_conf.json; sourceTree = "<group>"; };
		C9C768BA2E024DB54F57D382 /* LoginView.h */ = {isa = PBXFileReference; fileEncoding = 4; lastKnownFileType = sourcecode.c.h; path = LoginView.h; sourceTree = "<group>"; };
		C9C769403E0FAAB4D8679122 /* LoginViewController.m */ = {isa = PBXFileReference; fileEncoding = 4; lastKnownFileType = sourcecode.c.objc; path = LoginViewController.m; sourceTree = "<group>"; };
		C9C76D414E045736B00AF143 /* food_list_response.json */ = {isa = PBXFileReference; lastKnownFileType = file.json; path = food_list_response.json; sourceTree = "<group>"; };
		D55DB9E2C6FAD16444E59CE7 /* Pods.release.xcconfig */ = {isa = PBXFileReference; includeInIndex = 1; lastKnownFileType = text.xcconfig; name = Pods.release.xcconfig; path = "Pods/Target Support Files/Pods/Pods.release.xcconfig"; sourceTree = "<group>"; };
		E31320FB373391F2AAAA9086 /* Pods-RACUnitTestTests.debug.xcconfig */ = {isa = PBXFileReference; includeInIndex = 1; lastKnownFileType = text.xcconfig; name = "Pods-RACUnitTestTests.debug.xcconfig"; path = "Pods/Target Support Files/Pods-RACUnitTestTests/Pods-RACUnitTestTests.debug.xcconfig"; sourceTree = "<group>"; };
/* End PBXFileReference section */

/* Begin PBXFrameworksBuildPhase section */
		8F79A17C1B8A97F800DC7C97 /* Frameworks */ = {
			isa = PBXFrameworksBuildPhase;
			buildActionMask = 2147483647;
			files = (
				6E9D7135B04ADCC68E656FD3 /* libPods.a in Frameworks */,
				10C30DAC6241E5C5BDC9250A /* libPods-RACUnitTest.a in Frameworks */,
			);
			runOnlyForDeploymentPostprocessing = 0;
		};
		8F79A1951B8A97F800DC7C97 /* Frameworks */ = {
			isa = PBXFrameworksBuildPhase;
			buildActionMask = 2147483647;
			files = (
				E3D33710712C06DA1B06F08A /* libPods-RACUnitTestTests.a in Frameworks */,
			);
			runOnlyForDeploymentPostprocessing = 0;
		};
/* End PBXFrameworksBuildPhase section */

/* Begin PBXGroup section */
		8F79A1761B8A97F800DC7C97 = {
			isa = PBXGroup;
			children = (
				8F79A1811B8A97F800DC7C97 /* RACUnitTest */,
				8F79A19B1B8A97F800DC7C97 /* RACUnitTestTests */,
				8F79A1801B8A97F800DC7C97 /* Products */,
				C69D961CD5C78DFA54398F05 /* Pods */,
				ACEF69B6167BA949C72BDAB6 /* Frameworks */,
			);
			sourceTree = "<group>";
		};
		8F79A1801B8A97F800DC7C97 /* Products */ = {
			isa = PBXGroup;
			children = (
				8F79A17F1B8A97F800DC7C97 /* RACUnitTest.app */,
				8F79A1981B8A97F800DC7C97 /* RACUnitTestTests.xctest */,
			);
			name = Products;
			sourceTree = "<group>";
		};
		8F79A1811B8A97F800DC7C97 /* RACUnitTest */ = {
			isa = PBXGroup;
			children = (
				8F79A1861B8A97F800DC7C97 /* AppDelegate.h */,
				8F79A1871B8A97F800DC7C97 /* AppDelegate.m */,
				8F22FC7B1B8A9C1100B5D42C /* stylesheet.cas */,
				8F79A18F1B8A97F800DC7C97 /* Images.xcassets */,
				8F79A1911B8A97F800DC7C97 /* LaunchScreen.xib */,
				8FDB501E1B93537C0075D40C /* JSON */,
				8F9A6DCB1B9331A200FE3BBA /* Category */,
				C9C76D410E1EF3A70675D01E /* Login */,
				C9C76A3351BAE0774AA2DC27 /* Business */,
				C9C765FCEBC9C6BA7D80E932 /* Macro */,
				C9C76F2B4CED53CF55495154 /* Network */,
				8F79A1821B8A97F800DC7C97 /* Supporting Files */,
				C9C761F425AF59637884C7E2 /* Helper */,
			);
			path = RACUnitTest;
			sourceTree = "<group>";
		};
		8F79A1821B8A97F800DC7C97 /* Supporting Files */ = {
			isa = PBXGroup;
			children = (
				8F79A1831B8A97F800DC7C97 /* Info.plist */,
				8F79A1841B8A97F800DC7C97 /* main.m */,
			);
			name = "Supporting Files";
			sourceTree = "<group>";
		};
		8F79A19B1B8A97F800DC7C97 /* RACUnitTestTests */ = {
			isa = PBXGroup;
			children = (
				8F79A19C1B8A97F800DC7C97 /* Supporting Files */,
				C9C76300EA711CD41C4B6ABF /* Login */,
				C9C76707971780DC2055A039 /* Business */,
			);
			path = RACUnitTestTests;
			sourceTree = "<group>";
		};
		8F79A19C1B8A97F800DC7C97 /* Supporting Files */ = {
			isa = PBXGroup;
			children = (
				8F79A19D1B8A97F800DC7C97 /* Info.plist */,
			);
			name = "Supporting Files";
			sourceTree = "<group>";
		};
		8F9A6DCB1B9331A200FE3BBA /* Category */ = {
			isa = PBXGroup;
			children = (
				8FDCA3731B94A317003BA720 /* MBProgressHUD+Helper.h */,
				8FDCA3741B94A317003BA720 /* MBProgressHUD+Helper.m */,
				8F9A6DCC1B9331A200FE3BBA /* UIImage+Helper.h */,
				8F9A6DCD1B9331A200FE3BBA /* UIImage+Helper.m */,
			);
			path = Category;
			sourceTree = "<group>";
		};
		8FDB501E1B93537C0075D40C /* JSON */ = {
			isa = PBXGroup;
			children = (
				8FDB50261B9353A20075D40C /* Login */,
				8FDB50221B93537C0075D40C /* settings.json */,
				C9C76A6279910CECDFF1D396 /* FoodList */,
			);
			path = JSON;
			sourceTree = "<group>";
		};
		8FDB50261B9353A20075D40C /* Login */ = {
			isa = PBXGroup;
			children = (
				8FDB50271B9353A20075D40C /* login_conf.json */,
				8FDB50281B9353A20075D40C /* login_response.json */,
			);
			path = Login;
			sourceTree = "<group>";
		};
		ACEF69B6167BA949C72BDAB6 /* Frameworks */ = {
			isa = PBXGroup;
			children = (
				AD5BE772162E64C2E334E1A3 /* libPods.a */,
				21EE6E61BB43198033C0941E /* libPods-RACUnitTest.a */,
				13F960278C606744E7420338 /* libPods-RACUnitTestTests.a */,
			);
			name = Frameworks;
			sourceTree = "<group>";
		};
		C69D961CD5C78DFA54398F05 /* Pods */ = {
			isa = PBXGroup;
			children = (
				096F528704C4748450F8A324 /* Pods.debug.xcconfig */,
				D55DB9E2C6FAD16444E59CE7 /* Pods.release.xcconfig */,
				E31320FB373391F2AAAA9086 /* Pods-RACUnitTestTests.debug.xcconfig */,
				612762B2F13423233ED4A612 /* Pods-RACUnitTestTests.release.xcconfig */,
			);
			name = Pods;
			sourceTree = "<group>";
		};
		C9C761F425AF59637884C7E2 /* Helper */ = {
			isa = PBXGroup;
			children = (
				8FDB502B1B9357B20075D40C /* URLHelper.h */,
				8FDB502C1B9357B20075D40C /* URLHelper.m */,
			);
			path = Helper;
			sourceTree = "<group>";
		};
		C9C76300EA711CD41C4B6ABF /* Login */ = {
			isa = PBXGroup;
			children = (
				8F9AD52A1B8BF3AD00D2D784 /* LoginViewControllerSpec.m */,
				8FDB501C1B934ACB0075D40C /* LoginViewModelSpec.m */,
				8FDB502E1B93593C0075D40C /* LoginClientSpec.m */,
			);
			path = Login;
			sourceTree = "<group>";
		};
		C9C765FCEBC9C6BA7D80E932 /* Macro */ = {
			isa = PBXGroup;
			children = (
				8F9A6DCF1B93322E00FE3BBA /* ColorMacro.h */,
			);
			path = Macro;
			sourceTree = "<group>";
		};
		C9C76707971780DC2055A039 /* Business */ = {
			isa = PBXGroup;
			children = (
				8F9AD52C1B8E93E900D2D784 /* DataValidationSpec.m */,
			);
			path = Business;
			sourceTree = "<group>";
		};
		C9C76A3351BAE0774AA2DC27 /* Business */ = {
			isa = PBXGroup;
			children = (
				C9C7647F95E9196C6A3BB96E /* DataValidation.h */,
				C9C761B770541799767740CD /* DataValidation.m */,
			);
			path = Business;
			sourceTree = "<group>";
		};
		C9C76A6279910CECDFF1D396 /* FoodList */ = {
			isa = PBXGroup;
			children = (
				C9C767516B8F1EC8A4621C5E /* food_list_conf.json */,
				C9C76D414E045736B00AF143 /* food_list_response.json */,
			);
			path = FoodList;
			sourceTree = "<group>";
		};
		C9C76D410E1EF3A70675D01E /* Login */ = {
			isa = PBXGroup;
			children = (
				C9C769403E0FAAB4D8679122 /* LoginViewController.m */,
				C9C762D63131353391BEE909 /* LoginViewController.h */,
				C9C768BA2E024DB54F57D382 /* LoginView.h */,
				C9C76585023CA264A1F92CD4 /* LoginView.m */,
				C9C76378F408ABB489E48BE4 /* LoginViewModel.h */,
				C9C7618C559D212C8D13233F /* LoginViewModel.m */,
			);
			path = Login;
			sourceTree = "<group>";
		};
		C9C76F2B4CED53CF55495154 /* Network */ = {
			isa = PBXGroup;
			children = (
				C9C764F2DF09A7B029657165 /* LoginClient.h */,
				C9C761AA3ABAAB32B24A6336 /* LoginClient.m */,
			);
			path = Network;
			sourceTree = "<group>";
		};
/* End PBXGroup section */

/* Begin PBXNativeTarget section */
		8F79A17E1B8A97F800DC7C97 /* RACUnitTest */ = {
			isa = PBXNativeTarget;
			buildConfigurationList = 8F79A1A21B8A97F800DC7C97 /* Build configuration list for PBXNativeTarget "RACUnitTest" */;
			buildPhases = (
				5EF389EA838F73972DB99188 /* Check Pods Manifest.lock */,
				8F79A17B1B8A97F800DC7C97 /* Sources */,
				8F79A17C1B8A97F800DC7C97 /* Frameworks */,
				8F79A17D1B8A97F800DC7C97 /* Resources */,
				F3A4F0EC3BF19205CF1216A9 /* Copy Pods Resources */,
			);
			buildRules = (
			);
			dependencies = (
			);
			name = RACUnitTest;
			productName = RACUnitTest;
			productReference = 8F79A17F1B8A97F800DC7C97 /* RACUnitTest.app */;
			productType = "com.apple.product-type.application";
		};
		8F79A1971B8A97F800DC7C97 /* RACUnitTestTests */ = {
			isa = PBXNativeTarget;
			buildConfigurationList = 8F79A1A51B8A97F800DC7C97 /* Build configuration list for PBXNativeTarget "RACUnitTestTests" */;
			buildPhases = (
				81DFE81378434EAD88500795 /* Check Pods Manifest.lock */,
				8F79A1941B8A97F800DC7C97 /* Sources */,
				8F79A1951B8A97F800DC7C97 /* Frameworks */,
				8F79A1961B8A97F800DC7C97 /* Resources */,
				4FD9370FBFB1A45390E2CD5E /* Copy Pods Resources */,
			);
			buildRules = (
			);
			dependencies = (
				8F79A19A1B8A97F800DC7C97 /* PBXTargetDependency */,
			);
			name = RACUnitTestTests;
			productName = RACUnitTestTests;
			productReference = 8F79A1981B8A97F800DC7C97 /* RACUnitTestTests.xctest */;
			productType = "com.apple.product-type.bundle.unit-test";
		};
/* End PBXNativeTarget section */

/* Begin PBXProject section */
		8F79A1771B8A97F800DC7C97 /* Project object */ = {
			isa = PBXProject;
			attributes = {
				LastUpgradeCheck = 0640;
				ORGANIZATIONNAME = "Sam Lau";
				TargetAttributes = {
					8F79A17E1B8A97F800DC7C97 = {
						CreatedOnToolsVersion = 6.3.2;
					};
					8F79A1971B8A97F800DC7C97 = {
						CreatedOnToolsVersion = 6.3.2;
						TestTargetID = 8F79A17E1B8A97F800DC7C97;
					};
				};
			};
			buildConfigurationList = 8F79A17A1B8A97F800DC7C97 /* Build configuration list for PBXProject "RACUnitTest" */;
			compatibilityVersion = "Xcode 3.2";
			developmentRegion = English;
			hasScannedForEncodings = 0;
			knownRegions = (
				en,
				Base,
			);
			mainGroup = 8F79A1761B8A97F800DC7C97;
			productRefGroup = 8F79A1801B8A97F800DC7C97 /* Products */;
			projectDirPath = "";
			projectRoot = "";
			targets = (
				8F79A17E1B8A97F800DC7C97 /* RACUnitTest */,
				8F79A1971B8A97F800DC7C97 /* RACUnitTestTests */,
			);
		};
/* End PBXProject section */

/* Begin PBXResourcesBuildPhase section */
		8F79A17D1B8A97F800DC7C97 /* Resources */ = {
			isa = PBXResourcesBuildPhase;
			buildActionMask = 2147483647;
			files = (
				8FDB50251B93537C0075D40C /* settings.json in Resources */,
				8F79A1931B8A97F800DC7C97 /* LaunchScreen.xib in Resources */,
				8F79A1901B8A97F800DC7C97 /* Images.xcassets in Resources */,
				8FDB502A1B9353A20075D40C /* login_response.json in Resources */,
				8F22FC7C1B8A9C1100B5D42C /* stylesheet.cas in Resources */,
				8FDB50291B9353A20075D40C /* login_conf.json in Resources */,
				C9C76AC4C0E993C3A4F2FE7C /* food_list_conf.json in Resources */,
				C9C76836DD2FAA06C2A06AC3 /* food_list_response.json in Resources */,
			);
			runOnlyForDeploymentPostprocessing = 0;
		};
		8F79A1961B8A97F800DC7C97 /* Resources */ = {
			isa = PBXResourcesBuildPhase;
			buildActionMask = 2147483647;
			files = (
			);
			runOnlyForDeploymentPostprocessing = 0;
		};
/* End PBXResourcesBuildPhase section */

/* Begin PBXShellScriptBuildPhase section */
		4FD9370FBFB1A45390E2CD5E /* Copy Pods Resources */ = {
			isa = PBXShellScriptBuildPhase;
			buildActionMask = 2147483647;
			files = (
			);
			inputPaths = (
			);
			name = "Copy Pods Resources";
			outputPaths = (
			);
			runOnlyForDeploymentPostprocessing = 0;
			shellPath = /bin/sh;
			shellScript = "\"${SRCROOT}/Pods/Target Support Files/Pods-RACUnitTestTests/Pods-RACUnitTestTests-resources.sh\"\n";
			showEnvVarsInLog = 0;
		};
		5EF389EA838F73972DB99188 /* Check Pods Manifest.lock */ = {
			isa = PBXShellScriptBuildPhase;
			buildActionMask = 2147483647;
			files = (
			);
			inputPaths = (
			);
			name = "Check Pods Manifest.lock";
			outputPaths = (
			);
			runOnlyForDeploymentPostprocessing = 0;
			shellPath = /bin/sh;
			shellScript = "diff \"${PODS_ROOT}/../Podfile.lock\" \"${PODS_ROOT}/Manifest.lock\" > /dev/null\nif [[ $? != 0 ]] ; then\n    cat << EOM\nerror: The sandbox is not in sync with the Podfile.lock. Run 'pod install' or update your CocoaPods installation.\nEOM\n    exit 1\nfi\n";
			showEnvVarsInLog = 0;
		};
		81DFE81378434EAD88500795 /* Check Pods Manifest.lock */ = {
			isa = PBXShellScriptBuildPhase;
			buildActionMask = 2147483647;
			files = (
			);
			inputPaths = (
			);
			name = "Check Pods Manifest.lock";
			outputPaths = (
			);
			runOnlyForDeploymentPostprocessing = 0;
			shellPath = /bin/sh;
			shellScript = "diff \"${PODS_ROOT}/../Podfile.lock\" \"${PODS_ROOT}/Manifest.lock\" > /dev/null\nif [[ $? != 0 ]] ; then\n    cat << EOM\nerror: The sandbox is not in sync with the Podfile.lock. Run 'pod install' or update your CocoaPods installation.\nEOM\n    exit 1\nfi\n";
			showEnvVarsInLog = 0;
		};
		F3A4F0EC3BF19205CF1216A9 /* Copy Pods Resources */ = {
			isa = PBXShellScriptBuildPhase;
			buildActionMask = 2147483647;
			files = (
			);
			inputPaths = (
			);
			name = "Copy Pods Resources";
			outputPaths = (
			);
			runOnlyForDeploymentPostprocessing = 0;
			shellPath = /bin/sh;
			shellScript = "\"${SRCROOT}/Pods/Target Support Files/Pods/Pods-resources.sh\"\n";
			showEnvVarsInLog = 0;
		};
/* End PBXShellScriptBuildPhase section */

/* Begin PBXSourcesBuildPhase section */
		8F79A17B1B8A97F800DC7C97 /* Sources */ = {
			isa = PBXSourcesBuildPhase;
			buildActionMask = 2147483647;
			files = (
				8F79A1881B8A97F800DC7C97 /* AppDelegate.m in Sources */,
				8F79A1851B8A97F800DC7C97 /* main.m in Sources */,
				8F9A6DCE1B9331A200FE3BBA /* UIImage+Helper.m in Sources */,
				C9C76BFD1AF30A69DDF433BD /* LoginViewController.m in Sources */,
				C9C76B0B6901FBBFFC107073 /* LoginView.m in Sources */,
				C9C76EE21CBCD14DAA2E6FE2 /* LoginViewModel.m in Sources */,
				C9C767C9FB8B09CFC5E5C286 /* DataValidation.m in Sources */,
				8FDCA3751B94A317003BA720 /* MBProgressHUD+Helper.m in Sources */,
				C9C76B44AF86795ABE37C998 /* LoginClient.m in Sources */,
				8FDB502D1B9357B20075D40C /* URLHelper.m in Sources */,
			);
			runOnlyForDeploymentPostprocessing = 0;
		};
		8F79A1941B8A97F800DC7C97 /* Sources */ = {
			isa = PBXSourcesBuildPhase;
			buildActionMask = 2147483647;
			files = (
				8F9AD52B1B8BF3AD00D2D784 /* LoginViewControllerSpec.m in Sources */,
				8FDB501D1B934ACB0075D40C /* LoginViewModelSpec.m in Sources */,
				8F9AD52D1B8E93E900D2D784 /* DataValidationSpec.m in Sources */,
				8FDB502F1B93593C0075D40C /* LoginClientSpec.m in Sources */,
			);
			runOnlyForDeploymentPostprocessing = 0;
		};
/* End PBXSourcesBuildPhase section */

/* Begin PBXTargetDependency section */
		8F79A19A1B8A97F800DC7C97 /* PBXTargetDependency */ = {
			isa = PBXTargetDependency;
			target = 8F79A17E1B8A97F800DC7C97 /* RACUnitTest */;
			targetProxy = 8F79A1991B8A97F800DC7C97 /* PBXContainerItemProxy */;
		};
/* End PBXTargetDependency section */

/* Begin PBXVariantGroup section */
		8F79A1911B8A97F800DC7C97 /* LaunchScreen.xib */ = {
			isa = PBXVariantGroup;
			children = (
				8F79A1921B8A97F800DC7C97 /* Base */,
			);
			name = LaunchScreen.xib;
			sourceTree = "<group>";
		};
/* End PBXVariantGroup section */

/* Begin XCBuildConfiguration section */
		8F79A1A01B8A97F800DC7C97 /* Debug */ = {
			isa = XCBuildConfiguration;
			buildSettings = {
				ALWAYS_SEARCH_USER_PATHS = NO;
				CLANG_CXX_LANGUAGE_STANDARD = "gnu++0x";
				CLANG_CXX_LIBRARY = "libc++";
				CLANG_ENABLE_MODULES = YES;
				CLANG_ENABLE_OBJC_ARC = YES;
				CLANG_WARN_BOOL_CONVERSION = YES;
				CLANG_WARN_CONSTANT_CONVERSION = YES;
				CLANG_WARN_DIRECT_OBJC_ISA_USAGE = YES_ERROR;
				CLANG_WARN_EMPTY_BODY = YES;
				CLANG_WARN_ENUM_CONVERSION = YES;
				CLANG_WARN_INT_CONVERSION = YES;
				CLANG_WARN_OBJC_ROOT_CLASS = YES_ERROR;
				CLANG_WARN_UNREACHABLE_CODE = YES;
				CLANG_WARN__DUPLICATE_METHOD_MATCH = YES;
				"CODE_SIGN_IDENTITY[sdk=iphoneos*]" = "iPhone Developer";
				COPY_PHASE_STRIP = NO;
				DEBUG_INFORMATION_FORMAT = "dwarf-with-dsym";
				ENABLE_STRICT_OBJC_MSGSEND = YES;
				GCC_C_LANGUAGE_STANDARD = gnu99;
				GCC_DYNAMIC_NO_PIC = NO;
				GCC_NO_COMMON_BLOCKS = YES;
				GCC_OPTIMIZATION_LEVEL = 0;
				GCC_PREPROCESSOR_DEFINITIONS = (
					"DEBUG=1",
					"$(inherited)",
				);
				GCC_SYMBOLS_PRIVATE_EXTERN = NO;
				GCC_WARN_64_TO_32_BIT_CONVERSION = YES;
				GCC_WARN_ABOUT_RETURN_TYPE = YES_ERROR;
				GCC_WARN_UNDECLARED_SELECTOR = YES;
				GCC_WARN_UNINITIALIZED_AUTOS = YES_AGGRESSIVE;
				GCC_WARN_UNUSED_FUNCTION = YES;
				GCC_WARN_UNUSED_VARIABLE = YES;
				IPHONEOS_DEPLOYMENT_TARGET = 8.3;
				MTL_ENABLE_DEBUG_INFO = YES;
				ONLY_ACTIVE_ARCH = YES;
				SDKROOT = iphoneos;
			};
			name = Debug;
		};
		8F79A1A11B8A97F800DC7C97 /* Release */ = {
			isa = XCBuildConfiguration;
			buildSettings = {
				ALWAYS_SEARCH_USER_PATHS = NO;
				CLANG_CXX_LANGUAGE_STANDARD = "gnu++0x";
				CLANG_CXX_LIBRARY = "libc++";
				CLANG_ENABLE_MODULES = YES;
				CLANG_ENABLE_OBJC_ARC = YES;
				CLANG_WARN_BOOL_CONVERSION = YES;
				CLANG_WARN_CONSTANT_CONVERSION = YES;
				CLANG_WARN_DIRECT_OBJC_ISA_USAGE = YES_ERROR;
				CLANG_WARN_EMPTY_BODY = YES;
				CLANG_WARN_ENUM_CONVERSION = YES;
				CLANG_WARN_INT_CONVERSION = YES;
				CLANG_WARN_OBJC_ROOT_CLASS = YES_ERROR;
				CLANG_WARN_UNREACHABLE_CODE = YES;
				CLANG_WARN__DUPLICATE_METHOD_MATCH = YES;
				"CODE_SIGN_IDENTITY[sdk=iphoneos*]" = "iPhone Developer";
				COPY_PHASE_STRIP = NO;
				DEBUG_INFORMATION_FORMAT = "dwarf-with-dsym";
				ENABLE_NS_ASSERTIONS = NO;
				ENABLE_STRICT_OBJC_MSGSEND = YES;
				GCC_C_LANGUAGE_STANDARD = gnu99;
				GCC_NO_COMMON_BLOCKS = YES;
				GCC_WARN_64_TO_32_BIT_CONVERSION = YES;
				GCC_WARN_ABOUT_RETURN_TYPE = YES_ERROR;
				GCC_WARN_UNDECLARED_SELECTOR = YES;
				GCC_WARN_UNINITIALIZED_AUTOS = YES_AGGRESSIVE;
				GCC_WARN_UNUSED_FUNCTION = YES;
				GCC_WARN_UNUSED_VARIABLE = YES;
				IPHONEOS_DEPLOYMENT_TARGET = 8.3;
				MTL_ENABLE_DEBUG_INFO = NO;
				SDKROOT = iphoneos;
				VALIDATE_PRODUCT = YES;
			};
			name = Release;
		};
		8F79A1A31B8A97F800DC7C97 /* Debug */ = {
			isa = XCBuildConfiguration;
			baseConfigurationReference = 096F528704C4748450F8A324 /* Pods.debug.xcconfig */;
			buildSettings = {
				ASSETCATALOG_COMPILER_APPICON_NAME = AppIcon;
				INFOPLIST_FILE = RACUnitTest/Info.plist;
				IPHONEOS_DEPLOYMENT_TARGET = 7.0;
				LD_RUNPATH_SEARCH_PATHS = "$(inherited) @executable_path/Frameworks";
				PRODUCT_NAME = "$(TARGET_NAME)";
				USER_HEADER_SEARCH_PATHS = "\"${PROJECT_DIR}/Pods\"/**";
			};
			name = Debug;
		};
		8F79A1A41B8A97F800DC7C97 /* Release */ = {
			isa = XCBuildConfiguration;
			baseConfigurationReference = D55DB9E2C6FAD16444E59CE7 /* Pods.release.xcconfig */;
			buildSettings = {
				ASSETCATALOG_COMPILER_APPICON_NAME = AppIcon;
				INFOPLIST_FILE = RACUnitTest/Info.plist;
				IPHONEOS_DEPLOYMENT_TARGET = 7.0;
				LD_RUNPATH_SEARCH_PATHS = "$(inherited) @executable_path/Frameworks";
				PRODUCT_NAME = "$(TARGET_NAME)";
				USER_HEADER_SEARCH_PATHS = "\"${PROJECT_DIR}/Pods\"/**";
			};
			name = Release;
		};
		8F79A1A61B8A97F800DC7C97 /* Debug */ = {
			isa = XCBuildConfiguration;
			baseConfigurationReference = E31320FB373391F2AAAA9086 /* Pods-RACUnitTestTests.debug.xcconfig */;
			buildSettings = {
				BUNDLE_LOADER = "$(TEST_HOST)";
				FRAMEWORK_SEARCH_PATHS = (
					"$(SDKROOT)/Developer/Library/Frameworks",
					"$(inherited)",
				);
				GCC_PREPROCESSOR_DEFINITIONS = (
					"DEBUG=1",
					"$(inherited)",
				);
				INFOPLIST_FILE = RACUnitTestTests/Info.plist;
				LD_RUNPATH_SEARCH_PATHS = "$(inherited) @executable_path/Frameworks @loader_path/Frameworks";
				PRODUCT_NAME = "$(TARGET_NAME)";
				TEST_HOST = "$(BUILT_PRODUCTS_DIR)/RACUnitTest.app/RACUnitTest";
			};
			name = Debug;
		};
		8F79A1A71B8A97F800DC7C97 /* Release */ = {
			isa = XCBuildConfiguration;
			baseConfigurationReference = 612762B2F13423233ED4A612 /* Pods-RACUnitTestTests.release.xcconfig */;
			buildSettings = {
				BUNDLE_LOADER = "$(TEST_HOST)";
				FRAMEWORK_SEARCH_PATHS = (
					"$(SDKROOT)/Developer/Library/Frameworks",
					"$(inherited)",
				);
				INFOPLIST_FILE = RACUnitTestTests/Info.plist;
				LD_RUNPATH_SEARCH_PATHS = "$(inherited) @executable_path/Frameworks @loader_path/Frameworks";
				PRODUCT_NAME = "$(TARGET_NAME)";
				TEST_HOST = "$(BUILT_PRODUCTS_DIR)/RACUnitTest.app/RACUnitTest";
			};
			name = Release;
		};
/* End XCBuildConfiguration section */

/* Begin XCConfigurationList section */
		8F79A17A1B8A97F800DC7C97 /* Build configuration list for PBXProject "RACUnitTest" */ = {
			isa = XCConfigurationList;
			buildConfigurations = (
				8F79A1A01B8A97F800DC7C97 /* Debug */,
				8F79A1A11B8A97F800DC7C97 /* Release */,
			);
			defaultConfigurationIsVisible = 0;
			defaultConfigurationName = Release;
		};
		8F79A1A21B8A97F800DC7C97 /* Build configuration list for PBXNativeTarget "RACUnitTest" */ = {
			isa = XCConfigurationList;
			buildConfigurations = (
				8F79A1A31B8A97F800DC7C97 /* Debug */,
				8F79A1A41B8A97F800DC7C97 /* Release */,
			);
			defaultConfigurationIsVisible = 0;
			defaultConfigurationName = Release;
		};
		8F79A1A51B8A97F800DC7C97 /* Build configuration list for PBXNativeTarget "RACUnitTestTests" */ = {
			isa = XCConfigurationList;
			buildConfigurations = (
				8F79A1A61B8A97F800DC7C97 /* Debug */,
				8F79A1A71B8A97F800DC7C97 /* Release */,
			);
			defaultConfigurationIsVisible = 0;
			defaultConfigurationName = Release;
		};
/* End XCConfigurationList section */
	};
	rootObject = 8F79A1771B8A97F800DC7C97 /* Project object */;
}
